
Microsoft Visual Studio Solution File, Format Version 12.00
# Visual Studio Version 17
VisualStudioVersion = 17.9.34723.18
MinimumVisualStudioVersion = 10.0.40219.1
Project("{FAE04EC0-301F-11D3-BF4B-00C04F79EFBC}") = "PathControl", "PathControl\PathControl.csproj", "{22D8D7E7-B307-4041-A06B-98800F5D3481}"
EndProject
Global
	GlobalSection(SolutionConfigurationPlatforms) = preSolution
		Debug|Any CPU = Debug|Any CPU
		Release|Any CPU = Release|Any CPU
	EndGlobalSection
	GlobalSection(ProjectConfigurationPlatforms) = postSolution
		{22D8D7E7-B307-4041-A06B-98800F5D3481}.Debug|Any CPU.ActiveCfg = Debug|Any CPU
		{22D8D7E7-B307-4041-A06B-98800F5D3481}.Debug|Any CPU.Build.0 = Debug|Any CPU
		{22D8D7E7-B307-4041-A06B-98800F5D3481}.Release|Any CPU.ActiveCfg = Release|Any CPU
		{22D8D7E7-B307-4041-A06B-98800F5D3481}.Release|Any CPU.Build.0 = Release|Any CPU
	EndGlobalSection
	GlobalSection(SolutionProperties) = preSolution
		HideSolutionNode = FALSE
	EndGlobalSection
	GlobalSection(ExtensibilityGlobals) = postSolution
		SolutionGuid = {20BB5FBE-52AE-4779-AFA7-E16C705A5C9F}
	EndGlobalSection
EndGlobal
