
Microsoft Visual Studio Solution File, Format Version 12.00
# Visual Studio Version 17
VisualStudioVersion = 17.9.34723.18
MinimumVisualStudioVersion = 10.0.40219.1
Project("{FAE04EC0-301F-11D3-BF4B-00C04F79EFBC}") = "recursiveFunction", "recursiveFunction.csproj", "{754D6B09-D957-437D-8FAE-93D2F157EA40}"
EndProject
Global
	GlobalSection(SolutionConfigurationPlatforms) = preSolution
		Debug|Any CPU = Debug|Any CPU
		Release|Any CPU = Release|Any CPU
	EndGlobalSection
	GlobalSection(ProjectConfigurationPlatforms) = postSolution
		{754D6B09-D957-437D-8FAE-93D2F157EA40}.Debug|Any CPU.ActiveCfg = Debug|Any CPU
		{754D6B09-D957-437D-8FAE-93D2F157EA40}.Debug|Any CPU.Build.0 = Debug|Any CPU
		{754D6B09-D957-437D-8FAE-93D2F157EA40}.Release|Any CPU.ActiveCfg = Release|Any CPU
		{754D6B09-D957-437D-8FAE-93D2F157EA40}.Release|Any CPU.Build.0 = Release|Any CPU
	EndGlobalSection
	GlobalSection(SolutionProperties) = preSolution
		HideSolutionNode = FALSE
	EndGlobalSection
	GlobalSection(ExtensibilityGlobals) = postSolution
		SolutionGuid = {3418F2D1-FB80-4D58-8583-972AB6DDE145}
	EndGlobalSection
EndGlobal
