
Microsoft Visual Studio Solution File, Format Version 12.00
# Visual Studio Version 17
VisualStudioVersion = 17.9.34723.18
MinimumVisualStudioVersion = 10.0.40219.1
Project("{FAE04EC0-301F-11D3-BF4B-00C04F79EFBC}") = "CacheSilmeSon", "CacheSilmeSon.csproj", "{B3E7AFF7-1B9A-4D4A-83F8-EC32F05F143D}"
EndProject
Global
	GlobalSection(SolutionConfigurationPlatforms) = preSolution
		Debug|Any CPU = Debug|Any CPU
		Release|Any CPU = Release|Any CPU
	EndGlobalSection
	GlobalSection(ProjectConfigurationPlatforms) = postSolution
		{B3E7AFF7-1B9A-4D4A-83F8-EC32F05F143D}.Debug|Any CPU.ActiveCfg = Debug|Any CPU
		{B3E7AFF7-1B9A-4D4A-83F8-EC32F05F143D}.Debug|Any CPU.Build.0 = Debug|Any CPU
		{B3E7AFF7-1B9A-4D4A-83F8-EC32F05F143D}.Release|Any CPU.ActiveCfg = Release|Any CPU
		{B3E7AFF7-1B9A-4D4A-83F8-EC32F05F143D}.Release|Any CPU.Build.0 = Release|Any CPU
	EndGlobalSection
	GlobalSection(SolutionProperties) = preSolution
		HideSolutionNode = FALSE
	EndGlobalSection
	GlobalSection(ExtensibilityGlobals) = postSolution
		SolutionGuid = {44C45299-2071-49C2-86FE-E0E52AD0C482}
	EndGlobalSection
EndGlobal
